{
  "name": "mockserver2",
  "version": "1.0.0",
  "lockfileVersion": 1,
  "requires": true,
  "dependencies": {
    "test-fake-server": {
      "version": "1.6.0",
      "resolved": "https://registry.npmjs.org/test-fake-server/-/test-fake-server-1.6.0.tgz",
      "integrity": "sha512-Bf35huv4oHfVbO3UnbKrkC+BByfKmszCAJ5uXoczb4D3zlsoeAcQ2vFp1NNnPr8W1+ZuQkt/niBSu4i7+nnpOg=="
    }
  }
}
